// !$*UTF8*$!
{
	archiveVersion = 1;
	classes = {
	};
	objectVersion = 56;
	objects = {

/* Begin PBXBuildFile section */
		44EF9666E2BBCE512D9A4E8A /* Pods_Pokedex.framework in Frameworks */ = {isa = PBXBuildFile; fileRef = 480E806466C1AFE80C7005BA /* Pods_Pokedex.framework */; };
		CE0DCD98299FF8C4005FD9CE /* PokemonModel.swift in Sources */ = {isa = PBXBuildFile; fileRef = CE0DCD97299FF8C4005FD9CE /* PokemonModel.swift */; };
		CE0DCD9C299FF941005FD9CE /* PokemonTableCell.swift in Sources */ = {isa = PBXBuildFile; fileRef = CE0DCD9B299FF941005FD9CE /* PokemonTableCell.swift */; };
		CE27E99B29ACBF1300759A27 /* SinglePokemonViewController.swift in Sources */ = {isa = PBXBuildFile; fileRef = CE27E99A29ACBF1300759A27 /* SinglePokemonViewController.swift */; };
		CE435EE429B6715F00C6D021 /* AbilitiesView.swift in Sources */ = {isa = PBXBuildFile; fileRef = CE435EE329B6715F00C6D021 /* AbilitiesView.swift */; };
		CE435EE629B676E700C6D021 /* PokemonCharacteristicsView.swift in Sources */ = {isa = PBXBuildFile; fileRef = CE435EE529B676E700C6D021 /* PokemonCharacteristicsView.swift */; };
		CE435EE929B67EBB00C6D021 /* SpriteView.swift in Sources */ = {isa = PBXBuildFile; fileRef = CE435EE829B67EBB00C6D021 /* SpriteView.swift */; };
		CE435EED29B684E400C6D021 /* SpritesView.swift in Sources */ = {isa = PBXBuildFile; fileRef = CE435EEC29B684E400C6D021 /* SpritesView.swift */; };
		CE4E838029A009DC00E44B16 /* PokemonViewController.swift in Sources */ = {isa = PBXBuildFile; fileRef = CE4E837F29A009DC00E44B16 /* PokemonViewController.swift */; };
		CE54AA9729ABD00200838DA0 /* TypeView.swift in Sources */ = {isa = PBXBuildFile; fileRef = CE54AA9629ABD00200838DA0 /* TypeView.swift */; };
		CE54AA9B29ABDF4000838DA0 /* UIStackView+removeAll.swift in Sources */ = {isa = PBXBuildFile; fileRef = CE54AA9A29ABDF4000838DA0 /* UIStackView+removeAll.swift */; };
		CE5EFB8E29AB801300FC55FD /* GradientView.swift in Sources */ = {isa = PBXBuildFile; fileRef = CE5EFB8D29AB801300FC55FD /* GradientView.swift */; };
		CE5FF7E929B1306C002B10AE /* DummyViewController.swift in Sources */ = {isa = PBXBuildFile; fileRef = CE5FF7E829B1306C002B10AE /* DummyViewController.swift */; };
		CE72085929AFBC22003C424C /* SingleCommonInformationPokemonCell.swift in Sources */ = {isa = PBXBuildFile; fileRef = CE72085829AFBC22003C424C /* SingleCommonInformationPokemonCell.swift */; };
		CE848FD829AD26FF00BBBE25 /* MoveModel.swift in Sources */ = {isa = PBXBuildFile; fileRef = CE848FD729AD26FF00BBBE25 /* MoveModel.swift */; };
		CE848FDA29AD31CC00BBBE25 /* Alerts.swift in Sources */ = {isa = PBXBuildFile; fileRef = CE848FD929AD31CC00BBBE25 /* Alerts.swift */; };
		CE848FDC29AD37AA00BBBE25 /* MoveViewController.swift in Sources */ = {isa = PBXBuildFile; fileRef = CE848FDB29AD37AA00BBBE25 /* MoveViewController.swift */; };
		CE848FDF29AD38B600BBBE25 /* MoveTableCell.swift in Sources */ = {isa = PBXBuildFile; fileRef = CE848FDE29AD38B600BBBE25 /* MoveTableCell.swift */; };
		CE848FE129AD3F6800BBBE25 /* ItemModel.swift in Sources */ = {isa = PBXBuildFile; fileRef = CE848FE029AD3F6800BBBE25 /* ItemModel.swift */; };
		CE848FE429AD40E000BBBE25 /* ItemTableCell.swift in Sources */ = {isa = PBXBuildFile; fileRef = CE848FE329AD40E000BBBE25 /* ItemTableCell.swift */; };
		CE848FE629AD422D00BBBE25 /* UITableCell+Utils.swift in Sources */ = {isa = PBXBuildFile; fileRef = CE848FE529AD422D00BBBE25 /* UITableCell+Utils.swift */; };
		CE848FE929AD429E00BBBE25 /* ItemViewController.swift in Sources */ = {isa = PBXBuildFile; fileRef = CE848FE829AD429E00BBBE25 /* ItemViewController.swift */; };
		CE86C78629B8F52F000A591C /* SinglePokemonItems.swift in Sources */ = {isa = PBXBuildFile; fileRef = CE86C78529B8F52F000A591C /* SinglePokemonItems.swift */; };
		CE95D87B299ECB23002197BB /* AppDelegate.swift in Sources */ = {isa = PBXBuildFile; fileRef = CE95D87A299ECB23002197BB /* AppDelegate.swift */; };
		CE95D87D299ECB23002197BB /* SceneDelegate.swift in Sources */ = {isa = PBXBuildFile; fileRef = CE95D87C299ECB23002197BB /* SceneDelegate.swift */; };
		CE95D87F299ECB23002197BB /* MainContainerController.swift in Sources */ = {isa = PBXBuildFile; fileRef = CE95D87E299ECB23002197BB /* MainContainerController.swift */; };
		CE95D884299ECB25002197BB /* Assets.xcassets in Resources */ = {isa = PBXBuildFile; fileRef = CE95D883299ECB25002197BB /* Assets.xcassets */; };
		CE95D887299ECB25002197BB /* LaunchScreen.storyboard in Resources */ = {isa = PBXBuildFile; fileRef = CE95D885299ECB25002197BB /* LaunchScreen.storyboard */; };
		CE95D892299ECD46002197BB /* ViewController+utils.swift in Sources */ = {isa = PBXBuildFile; fileRef = CE95D891299ECD46002197BB /* ViewController+utils.swift */; };
		CE95D894299EDB71002197BB /* Constants.swift in Sources */ = {isa = PBXBuildFile; fileRef = CE95D893299EDB71002197BB /* Constants.swift */; };
		CEB573B929B33BB800B43D8C /* UILabel+Utils.swift in Sources */ = {isa = PBXBuildFile; fileRef = CEB573B829B33BB800B43D8C /* UILabel+Utils.swift */; };
		CEB573BB29B33F9600B43D8C /* SinglePokemonSegmentsCell.swift in Sources */ = {isa = PBXBuildFile; fileRef = CEB573BA29B33F9600B43D8C /* SinglePokemonSegmentsCell.swift */; };
		CEB573BD29B343D600B43D8C /* AbilityView.swift in Sources */ = {isa = PBXBuildFile; fileRef = CEB573BC29B343D600B43D8C /* AbilityView.swift */; };
		CEB573BF29B3B74F00B43D8C /* Separator.swift in Sources */ = {isa = PBXBuildFile; fileRef = CEB573BE29B3B74F00B43D8C /* Separator.swift */; };
		CEBF949729AEA254006D802F /* SinglePokemonHeader.swift in Sources */ = {isa = PBXBuildFile; fileRef = CEBF949629AEA254006D802F /* SinglePokemonHeader.swift */; };
		CEDB1C8C29AA5B9B00CA724A /* PokemonBrain.swift in Sources */ = {isa = PBXBuildFile; fileRef = CEDB1C8B29AA5B9B00CA724A /* PokemonBrain.swift */; };
/* End PBXBuildFile section */

/* Begin PBXFileReference section */
		30BBA926FCA0A93A0C3CE3EF /* Pods-Pokedex.release.xcconfig */ = {isa = PBXFileReference; includeInIndex = 1; lastKnownFileType = text.xcconfig; name = "Pods-Pokedex.release.xcconfig"; path = "Target Support Files/Pods-Pokedex/Pods-Pokedex.release.xcconfig"; sourceTree = "<group>"; };
		480E806466C1AFE80C7005BA /* Pods_Pokedex.framework */ = {isa = PBXFileReference; explicitFileType = wrapper.framework; includeInIndex = 0; path = Pods_Pokedex.framework; sourceTree = BUILT_PRODUCTS_DIR; };
		CE0DCD97299FF8C4005FD9CE /* PokemonModel.swift */ = {isa = PBXFileReference; lastKnownFileType = sourcecode.swift; path = PokemonModel.swift; sourceTree = "<group>"; };
		CE0DCD9B299FF941005FD9CE /* PokemonTableCell.swift */ = {isa = PBXFileReference; lastKnownFileType = sourcecode.swift; path = PokemonTableCell.swift; sourceTree = "<group>"; };
		CE27E99A29ACBF1300759A27 /* SinglePokemonViewController.swift */ = {isa = PBXFileReference; lastKnownFileType = sourcecode.swift; path = SinglePokemonViewController.swift; sourceTree = "<group>"; };
		CE435EE329B6715F00C6D021 /* AbilitiesView.swift */ = {isa = PBXFileReference; lastKnownFileType = sourcecode.swift; path = AbilitiesView.swift; sourceTree = "<group>"; };
		CE435EE529B676E700C6D021 /* PokemonCharacteristicsView.swift */ = {isa = PBXFileReference; lastKnownFileType = sourcecode.swift; path = PokemonCharacteristicsView.swift; sourceTree = "<group>"; };
		CE435EE829B67EBB00C6D021 /* SpriteView.swift */ = {isa = PBXFileReference; lastKnownFileType = sourcecode.swift; path = SpriteView.swift; sourceTree = "<group>"; };
		CE435EEC29B684E400C6D021 /* SpritesView.swift */ = {isa = PBXFileReference; lastKnownFileType = sourcecode.swift; path = SpritesView.swift; sourceTree = "<group>"; };
		CE4E837F29A009DC00E44B16 /* PokemonViewController.swift */ = {isa = PBXFileReference; lastKnownFileType = sourcecode.swift; path = PokemonViewController.swift; sourceTree = "<group>"; };
		CE54AA9629ABD00200838DA0 /* TypeView.swift */ = {isa = PBXFileReference; lastKnownFileType = sourcecode.swift; path = TypeView.swift; sourceTree = "<group>"; };
		CE54AA9A29ABDF4000838DA0 /* UIStackView+removeAll.swift */ = {isa = PBXFileReference; lastKnownFileType = sourcecode.swift; path = "UIStackView+removeAll.swift"; sourceTree = "<group>"; };
		CE5EFB8D29AB801300FC55FD /* GradientView.swift */ = {isa = PBXFileReference; lastKnownFileType = sourcecode.swift; path = GradientView.swift; sourceTree = "<group>"; };
		CE5FF7E829B1306C002B10AE /* DummyViewController.swift */ = {isa = PBXFileReference; lastKnownFileType = sourcecode.swift; path = DummyViewController.swift; sourceTree = "<group>"; };
		CE72085829AFBC22003C424C /* SingleCommonInformationPokemonCell.swift */ = {isa = PBXFileReference; lastKnownFileType = sourcecode.swift; path = SingleCommonInformationPokemonCell.swift; sourceTree = "<group>"; };
		CE848FD729AD26FF00BBBE25 /* MoveModel.swift */ = {isa = PBXFileReference; lastKnownFileType = sourcecode.swift; path = MoveModel.swift; sourceTree = "<group>"; };
		CE848FD929AD31CC00BBBE25 /* Alerts.swift */ = {isa = PBXFileReference; lastKnownFileType = sourcecode.swift; path = Alerts.swift; sourceTree = "<group>"; };
		CE848FDB29AD37AA00BBBE25 /* MoveViewController.swift */ = {isa = PBXFileReference; lastKnownFileType = sourcecode.swift; path = MoveViewController.swift; sourceTree = "<group>"; };
		CE848FDE29AD38B600BBBE25 /* MoveTableCell.swift */ = {isa = PBXFileReference; lastKnownFileType = sourcecode.swift; path = MoveTableCell.swift; sourceTree = "<group>"; };
		CE848FE029AD3F6800BBBE25 /* ItemModel.swift */ = {isa = PBXFileReference; lastKnownFileType = sourcecode.swift; path = ItemModel.swift; sourceTree = "<group>"; };
		CE848FE329AD40E000BBBE25 /* ItemTableCell.swift */ = {isa = PBXFileReference; lastKnownFileType = sourcecode.swift; path = ItemTableCell.swift; sourceTree = "<group>"; };
		CE848FE529AD422D00BBBE25 /* UITableCell+Utils.swift */ = {isa = PBXFileReference; lastKnownFileType = sourcecode.swift; path = "UITableCell+Utils.swift"; sourceTree = "<group>"; };
		CE848FE829AD429E00BBBE25 /* ItemViewController.swift */ = {isa = PBXFileReference; lastKnownFileType = sourcecode.swift; path = ItemViewController.swift; sourceTree = "<group>"; };
		CE86C78529B8F52F000A591C /* SinglePokemonItems.swift */ = {isa = PBXFileReference; lastKnownFileType = sourcecode.swift; path = SinglePokemonItems.swift; sourceTree = "<group>"; };
		CE95D877299ECB23002197BB /* Pokedex.app */ = {isa = PBXFileReference; explicitFileType = wrapper.application; includeInIndex = 0; path = Pokedex.app; sourceTree = BUILT_PRODUCTS_DIR; };
		CE95D87A299ECB23002197BB /* AppDelegate.swift */ = {isa = PBXFileReference; lastKnownFileType = sourcecode.swift; path = AppDelegate.swift; sourceTree = "<group>"; };
		CE95D87C299ECB23002197BB /* SceneDelegate.swift */ = {isa = PBXFileReference; lastKnownFileType = sourcecode.swift; path = SceneDelegate.swift; sourceTree = "<group>"; };
		CE95D87E299ECB23002197BB /* MainContainerController.swift */ = {isa = PBXFileReference; lastKnownFileType = sourcecode.swift; path = MainContainerController.swift; sourceTree = "<group>"; };
		CE95D883299ECB25002197BB /* Assets.xcassets */ = {isa = PBXFileReference; lastKnownFileType = folder.assetcatalog; path = Assets.xcassets; sourceTree = "<group>"; };
		CE95D886299ECB25002197BB /* Base */ = {isa = PBXFileReference; lastKnownFileType = file.storyboard; name = Base; path = Base.lproj/LaunchScreen.storyboard; sourceTree = "<group>"; };
		CE95D888299ECB25002197BB /* Info.plist */ = {isa = PBXFileReference; lastKnownFileType = text.plist.xml; path = Info.plist; sourceTree = "<group>"; };
		CE95D891299ECD46002197BB /* ViewController+utils.swift */ = {isa = PBXFileReference; lastKnownFileType = sourcecode.swift; path = "ViewController+utils.swift"; sourceTree = "<group>"; };
		CE95D893299EDB71002197BB /* Constants.swift */ = {isa = PBXFileReference; lastKnownFileType = sourcecode.swift; path = Constants.swift; sourceTree = "<group>"; };
		CEB573B829B33BB800B43D8C /* UILabel+Utils.swift */ = {isa = PBXFileReference; lastKnownFileType = sourcecode.swift; path = "UILabel+Utils.swift"; sourceTree = "<group>"; };
		CEB573BA29B33F9600B43D8C /* SinglePokemonSegmentsCell.swift */ = {isa = PBXFileReference; lastKnownFileType = sourcecode.swift; path = SinglePokemonSegmentsCell.swift; sourceTree = "<group>"; };
		CEB573BC29B343D600B43D8C /* AbilityView.swift */ = {isa = PBXFileReference; lastKnownFileType = sourcecode.swift; path = AbilityView.swift; sourceTree = "<group>"; };
		CEB573BE29B3B74F00B43D8C /* Separator.swift */ = {isa = PBXFileReference; lastKnownFileType = sourcecode.swift; path = Separator.swift; sourceTree = "<group>"; };
		CEBF949629AEA254006D802F /* SinglePokemonHeader.swift */ = {isa = PBXFileReference; lastKnownFileType = sourcecode.swift; path = SinglePokemonHeader.swift; sourceTree = "<group>"; };
		CEDB1C8B29AA5B9B00CA724A /* PokemonBrain.swift */ = {isa = PBXFileReference; lastKnownFileType = sourcecode.swift; path = PokemonBrain.swift; sourceTree = "<group>"; };
		D1E3826598EC9A332DAB01F5 /* Pods-Pokedex.debug.xcconfig */ = {isa = PBXFileReference; includeInIndex = 1; lastKnownFileType = text.xcconfig; name = "Pods-Pokedex.debug.xcconfig"; path = "Target Support Files/Pods-Pokedex/Pods-Pokedex.debug.xcconfig"; sourceTree = "<group>"; };
/* End PBXFileReference section */

/* Begin PBXFrameworksBuildPhase section */
		CE95D874299ECB23002197BB /* Frameworks */ = {
			isa = PBXFrameworksBuildPhase;
			buildActionMask = 2147483647;
			files = (
				44EF9666E2BBCE512D9A4E8A /* Pods_Pokedex.framework in Frameworks */,
			);
			runOnlyForDeploymentPostprocessing = 0;
		};
/* End PBXFrameworksBuildPhase section */

/* Begin PBXGroup section */
		271F4D5F4E00111B165BBD62 /* Pods */ = {
			isa = PBXGroup;
			children = (
				D1E3826598EC9A332DAB01F5 /* Pods-Pokedex.debug.xcconfig */,
				30BBA926FCA0A93A0C3CE3EF /* Pods-Pokedex.release.xcconfig */,
			);
			path = Pods;
			sourceTree = "<group>";
		};
		CE27E99929ACBEF300759A27 /* Pokemon */ = {
			isa = PBXGroup;
			children = (
				CE4E837F29A009DC00E44B16 /* PokemonViewController.swift */,
				CE27E99A29ACBF1300759A27 /* SinglePokemonViewController.swift */,
			);
			path = Pokemon;
			sourceTree = "<group>";
		};
		CE435EE729B67EAD00C6D021 /* Sprites */ = {
			isa = PBXGroup;
			children = (
				CE435EE829B67EBB00C6D021 /* SpriteView.swift */,
				CE435EEC29B684E400C6D021 /* SpritesView.swift */,
			);
			path = Sprites;
			sourceTree = "<group>";
		};
		CE4E838429A015B700E44B16 /* Model */ = {
			isa = PBXGroup;
			children = (
				CE0DCD97299FF8C4005FD9CE /* PokemonModel.swift */,
				CE848FD729AD26FF00BBBE25 /* MoveModel.swift */,
				CE848FE029AD3F6800BBBE25 /* ItemModel.swift */,
			);
			path = Model;
			sourceTree = "<group>";
		};
		CE4E838529A015F500E44B16 /* TableCells */ = {
			isa = PBXGroup;
			children = (
				CE848FE229AD40D000BBBE25 /* Item */,
				CE848FDD29AD38A400BBBE25 /* Move */,
				CE4E838729A0160C00E44B16 /* Pokemon */,
			);
			path = TableCells;
			sourceTree = "<group>";
		};
		CE4E838729A0160C00E44B16 /* Pokemon */ = {
			isa = PBXGroup;
			children = (
				CE72085729AFBB8A003C424C /* Single */,
				CE0DCD9B299FF941005FD9CE /* PokemonTableCell.swift */,
			);
			path = Pokemon;
			sourceTree = "<group>";
		};
		CE4E838829A0163200E44B16 /* Utils */ = {
			isa = PBXGroup;
			children = (
				CE95D891299ECD46002197BB /* ViewController+utils.swift */,
				CE54AA9A29ABDF4000838DA0 /* UIStackView+removeAll.swift */,
				CE848FD929AD31CC00BBBE25 /* Alerts.swift */,
				CE848FE529AD422D00BBBE25 /* UITableCell+Utils.swift */,
				CEB573B829B33BB800B43D8C /* UILabel+Utils.swift */,
			);
			path = Utils;
			sourceTree = "<group>";
		};
		CE4E838A29A0165000E44B16 /* Controllers */ = {
			isa = PBXGroup;
			children = (
				CE848FE729AD429000BBBE25 /* Items */,
				CE848FD629AD0E9500BBBE25 /* Move */,
				CE27E99929ACBEF300759A27 /* Pokemon */,
				CE95D87E299ECB23002197BB /* MainContainerController.swift */,
			);
			path = Controllers;
			sourceTree = "<group>";
		};
		CE5EFB8C29AB800800FC55FD /* Views */ = {
			isa = PBXGroup;
			children = (
				CEBF949529AEA249006D802F /* Pokemon */,
				CE5EFB8D29AB801300FC55FD /* GradientView.swift */,
				CE54AA9629ABD00200838DA0 /* TypeView.swift */,
				CE5FF7E829B1306C002B10AE /* DummyViewController.swift */,
				CEB573BE29B3B74F00B43D8C /* Separator.swift */,
			);
			path = Views;
			sourceTree = "<group>";
		};
		CE72085729AFBB8A003C424C /* Single */ = {
			isa = PBXGroup;
			children = (
				CE72085829AFBC22003C424C /* SingleCommonInformationPokemonCell.swift */,
				CEB573BA29B33F9600B43D8C /* SinglePokemonSegmentsCell.swift */,
			);
			path = Single;
			sourceTree = "<group>";
		};
		CE848FD629AD0E9500BBBE25 /* Move */ = {
			isa = PBXGroup;
			children = (
				CE848FDB29AD37AA00BBBE25 /* MoveViewController.swift */,
			);
			path = Move;
			sourceTree = "<group>";
		};
		CE848FDD29AD38A400BBBE25 /* Move */ = {
			isa = PBXGroup;
			children = (
				CE848FDE29AD38B600BBBE25 /* MoveTableCell.swift */,
			);
			path = Move;
			sourceTree = "<group>";
		};
		CE848FE229AD40D000BBBE25 /* Item */ = {
			isa = PBXGroup;
			children = (
				CE848FE329AD40E000BBBE25 /* ItemTableCell.swift */,
			);
			path = Item;
			sourceTree = "<group>";
		};
		CE848FE729AD429000BBBE25 /* Items */ = {
			isa = PBXGroup;
			children = (
				CE848FE829AD429E00BBBE25 /* ItemViewController.swift */,
			);
			path = Items;
			sourceTree = "<group>";
		};
		CE95D86E299ECB23002197BB = {
			isa = PBXGroup;
			children = (
				CE95D879299ECB23002197BB /* Pokedex */,
				CE95D878299ECB23002197BB /* Products */,
				271F4D5F4E00111B165BBD62 /* Pods */,
				E18AB49B17BCAB28FD423F5A /* Frameworks */,
			);
			sourceTree = "<group>";
		};
		CE95D878299ECB23002197BB /* Products */ = {
			isa = PBXGroup;
			children = (
				CE95D877299ECB23002197BB /* Pokedex.app */,
			);
			name = Products;
			sourceTree = "<group>";
		};
		CE95D879299ECB23002197BB /* Pokedex */ = {
			isa = PBXGroup;
			children = (
				CE5EFB8C29AB800800FC55FD /* Views */,
				CEDB1C8A29AA5B7400CA724A /* Networking */,
				CE4E838429A015B700E44B16 /* Model */,
				CE4E838529A015F500E44B16 /* TableCells */,
				CE4E838A29A0165000E44B16 /* Controllers */,
				CE4E838829A0163200E44B16 /* Utils */,
				CE95D88E299ECB89002197BB /* Files */,
				CE95D87A299ECB23002197BB /* AppDelegate.swift */,
				CE95D87C299ECB23002197BB /* SceneDelegate.swift */,
				CE95D893299EDB71002197BB /* Constants.swift */,
			);
			path = Pokedex;
			sourceTree = "<group>";
		};
		CE95D88E299ECB89002197BB /* Files */ = {
			isa = PBXGroup;
			children = (
				CE95D883299ECB25002197BB /* Assets.xcassets */,
				CE95D885299ECB25002197BB /* LaunchScreen.storyboard */,
				CE95D888299ECB25002197BB /* Info.plist */,
			);
			name = Files;
			sourceTree = "<group>";
		};
		CEBF949529AEA249006D802F /* Pokemon */ = {
			isa = PBXGroup;
			children = (
				CE435EE729B67EAD00C6D021 /* Sprites */,
				CEBF949629AEA254006D802F /* SinglePokemonHeader.swift */,
				CEB573BC29B343D600B43D8C /* AbilityView.swift */,
				CE435EE329B6715F00C6D021 /* AbilitiesView.swift */,
				CE435EE529B676E700C6D021 /* PokemonCharacteristicsView.swift */,
				CE86C78529B8F52F000A591C /* SinglePokemonItems.swift */,
			);
			path = Pokemon;
			sourceTree = "<group>";
		};
		CEDB1C8A29AA5B7400CA724A /* Networking */ = {
			isa = PBXGroup;
			children = (
				CEDB1C8B29AA5B9B00CA724A /* PokemonBrain.swift */,
			);
			path = Networking;
			sourceTree = "<group>";
		};
		E18AB49B17BCAB28FD423F5A /* Frameworks */ = {
			isa = PBXGroup;
			children = (
				480E806466C1AFE80C7005BA /* Pods_Pokedex.framework */,
			);
			name = Frameworks;
			sourceTree = "<group>";
		};
/* End PBXGroup section */

/* Begin PBXNativeTarget section */
		CE95D876299ECB23002197BB /* Pokedex */ = {
			isa = PBXNativeTarget;
			buildConfigurationList = CE95D88B299ECB25002197BB /* Build configuration list for PBXNativeTarget "Pokedex" */;
			buildPhases = (
				CFD126DE558BCDD90C692588 /* [CP] Check Pods Manifest.lock */,
				CE95D873299ECB23002197BB /* Sources */,
				CE95D874299ECB23002197BB /* Frameworks */,
				CE95D875299ECB23002197BB /* Resources */,
				AC5F6E3C9998792EFBE2D084 /* [CP] Embed Pods Frameworks */,
			);
			buildRules = (
			);
			dependencies = (
			);
			name = Pokedex;
			productName = Pokedex;
			productReference = CE95D877299ECB23002197BB /* Pokedex.app */;
			productType = "com.apple.product-type.application";
		};
/* End PBXNativeTarget section */

/* Begin PBXProject section */
		CE95D86F299ECB23002197BB /* Project object */ = {
			isa = PBXProject;
			attributes = {
				BuildIndependentTargetsInParallel = 1;
				LastSwiftUpdateCheck = 1420;
				LastUpgradeCheck = 1420;
				TargetAttributes = {
					CE95D876299ECB23002197BB = {
						CreatedOnToolsVersion = 14.2;
					};
				};
			};
			buildConfigurationList = CE95D872299ECB23002197BB /* Build configuration list for PBXProject "Pokedex" */;
			compatibilityVersion = "Xcode 14.0";
			developmentRegion = en;
			hasScannedForEncodings = 0;
			knownRegions = (
				en,
				Base,
			);
			mainGroup = CE95D86E299ECB23002197BB;
			productRefGroup = CE95D878299ECB23002197BB /* Products */;
			projectDirPath = "";
			projectRoot = "";
			targets = (
				CE95D876299ECB23002197BB /* Pokedex */,
			);
		};
/* End PBXProject section */

/* Begin PBXResourcesBuildPhase section */
		CE95D875299ECB23002197BB /* Resources */ = {
			isa = PBXResourcesBuildPhase;
			buildActionMask = 2147483647;
			files = (
				CE95D887299ECB25002197BB /* LaunchScreen.storyboard in Resources */,
				CE95D884299ECB25002197BB /* Assets.xcassets in Resources */,
			);
			runOnlyForDeploymentPostprocessing = 0;
		};
/* End PBXResourcesBuildPhase section */

/* Begin PBXShellScriptBuildPhase section */
		AC5F6E3C9998792EFBE2D084 /* [CP] Embed Pods Frameworks */ = {
			isa = PBXShellScriptBuildPhase;
			buildActionMask = 2147483647;
			files = (
			);
			inputFileListPaths = (
				"${PODS_ROOT}/Target Support Files/Pods-Pokedex/Pods-Pokedex-frameworks-${CONFIGURATION}-input-files.xcfilelist",
			);
			name = "[CP] Embed Pods Frameworks";
			outputFileListPaths = (
				"${PODS_ROOT}/Target Support Files/Pods-Pokedex/Pods-Pokedex-frameworks-${CONFIGURATION}-output-files.xcfilelist",
			);
			runOnlyForDeploymentPostprocessing = 0;
			shellPath = /bin/sh;
			shellScript = "\"${PODS_ROOT}/Target Support Files/Pods-Pokedex/Pods-Pokedex-frameworks.sh\"\n";
			showEnvVarsInLog = 0;
		};
		CFD126DE558BCDD90C692588 /* [CP] Check Pods Manifest.lock */ = {
			isa = PBXShellScriptBuildPhase;
			buildActionMask = 2147483647;
			files = (
			);
			inputFileListPaths = (
			);
			inputPaths = (
				"${PODS_PODFILE_DIR_PATH}/Podfile.lock",
				"${PODS_ROOT}/Manifest.lock",
			);
			name = "[CP] Check Pods Manifest.lock";
			outputFileListPaths = (
			);
			outputPaths = (
				"$(DERIVED_FILE_DIR)/Pods-Pokedex-checkManifestLockResult.txt",
			);
			runOnlyForDeploymentPostprocessing = 0;
			shellPath = /bin/sh;
			shellScript = "diff \"${PODS_PODFILE_DIR_PATH}/Podfile.lock\" \"${PODS_ROOT}/Manifest.lock\" > /dev/null\nif [ $? != 0 ] ; then\n    # print error to STDERR\n    echo \"error: The sandbox is not in sync with the Podfile.lock. Run 'pod install' or update your CocoaPods installation.\" >&2\n    exit 1\nfi\n# This output is used by Xcode 'outputs' to avoid re-running this script phase.\necho \"SUCCESS\" > \"${SCRIPT_OUTPUT_FILE_0}\"\n";
			showEnvVarsInLog = 0;
		};
/* End PBXShellScriptBuildPhase section */

/* Begin PBXSourcesBuildPhase section */
		CE95D873299ECB23002197BB /* Sources */ = {
			isa = PBXSourcesBuildPhase;
			buildActionMask = 2147483647;
			files = (
				CE95D894299EDB71002197BB /* Constants.swift in Sources */,
				CE5FF7E929B1306C002B10AE /* DummyViewController.swift in Sources */,
				CE848FDA29AD31CC00BBBE25 /* Alerts.swift in Sources */,
				CE4E838029A009DC00E44B16 /* PokemonViewController.swift in Sources */,
				CE54AA9B29ABDF4000838DA0 /* UIStackView+removeAll.swift in Sources */,
				CE848FE429AD40E000BBBE25 /* ItemTableCell.swift in Sources */,
				CE5EFB8E29AB801300FC55FD /* GradientView.swift in Sources */,
				CEBF949729AEA254006D802F /* SinglePokemonHeader.swift in Sources */,
				CE848FDF29AD38B600BBBE25 /* MoveTableCell.swift in Sources */,
				CEB573BD29B343D600B43D8C /* AbilityView.swift in Sources */,
				CEB573BF29B3B74F00B43D8C /* Separator.swift in Sources */,
				CE0DCD9C299FF941005FD9CE /* PokemonTableCell.swift in Sources */,
				CE848FE629AD422D00BBBE25 /* UITableCell+Utils.swift in Sources */,
				CE27E99B29ACBF1300759A27 /* SinglePokemonViewController.swift in Sources */,
				CE848FD829AD26FF00BBBE25 /* MoveModel.swift in Sources */,
				CE435EED29B684E400C6D021 /* SpritesView.swift in Sources */,
				CEB573B929B33BB800B43D8C /* UILabel+Utils.swift in Sources */,
				CEB573BB29B33F9600B43D8C /* SinglePokemonSegmentsCell.swift in Sources */,
				CE95D892299ECD46002197BB /* ViewController+utils.swift in Sources */,
				CE54AA9729ABD00200838DA0 /* TypeView.swift in Sources */,
				CEDB1C8C29AA5B9B00CA724A /* PokemonBrain.swift in Sources */,
				CE848FE929AD429E00BBBE25 /* ItemViewController.swift in Sources */,
				CE86C78629B8F52F000A591C /* SinglePokemonItems.swift in Sources */,
				CE72085929AFBC22003C424C /* SingleCommonInformationPokemonCell.swift in Sources */,
				CE848FE129AD3F6800BBBE25 /* ItemModel.swift in Sources */,
				CE95D87F299ECB23002197BB /* MainContainerController.swift in Sources */,
				CE435EE429B6715F00C6D021 /* AbilitiesView.swift in Sources */,
				CE0DCD98299FF8C4005FD9CE /* PokemonModel.swift in Sources */,
				CE848FDC29AD37AA00BBBE25 /* MoveViewController.swift in Sources */,
				CE95D87B299ECB23002197BB /* AppDelegate.swift in Sources */,
				CE435EE929B67EBB00C6D021 /* SpriteView.swift in Sources */,
				CE435EE629B676E700C6D021 /* PokemonCharacteristicsView.swift in Sources */,
				CE95D87D299ECB23002197BB /* SceneDelegate.swift in Sources */,
			);
			runOnlyForDeploymentPostprocessing = 0;
		};
/* End PBXSourcesBuildPhase section */

/* Begin PBXVariantGroup section */
		CE95D885299ECB25002197BB /* LaunchScreen.storyboard */ = {
			isa = PBXVariantGroup;
			children = (
				CE95D886299ECB25002197BB /* Base */,
			);
			name = LaunchScreen.storyboard;
			sourceTree = "<group>";
		};
/* End PBXVariantGroup section */

/* Begin XCBuildConfiguration section */
		CE95D889299ECB25002197BB /* Debug */ = {
			isa = XCBuildConfiguration;
			buildSettings = {
				ALWAYS_SEARCH_USER_PATHS = NO;
				CLANG_ANALYZER_NONNULL = YES;
				CLANG_ANALYZER_NUMBER_OBJECT_CONVERSION = YES_AGGRESSIVE;
				CLANG_CXX_LANGUAGE_STANDARD = "gnu++20";
				CLANG_ENABLE_MODULES = YES;
				CLANG_ENABLE_OBJC_ARC = YES;
				CLANG_ENABLE_OBJC_WEAK = YES;
				CLANG_WARN_BLOCK_CAPTURE_AUTORELEASING = YES;
				CLANG_WARN_BOOL_CONVERSION = YES;
				CLANG_WARN_COMMA = YES;
				CLANG_WARN_CONSTANT_CONVERSION = YES;
				CLANG_WARN_DEPRECATED_OBJC_IMPLEMENTATIONS = YES;
				CLANG_WARN_DIRECT_OBJC_ISA_USAGE = YES_ERROR;
				CLANG_WARN_DOCUMENTATION_COMMENTS = YES;
				CLANG_WARN_EMPTY_BODY = YES;
				CLANG_WARN_ENUM_CONVERSION = YES;
				CLANG_WARN_INFINITE_RECURSION = YES;
				CLANG_WARN_INT_CONVERSION = YES;
				CLANG_WARN_NON_LITERAL_NULL_CONVERSION = YES;
				CLANG_WARN_OBJC_IMPLICIT_RETAIN_SELF = YES;
				CLANG_WARN_OBJC_LITERAL_CONVERSION = YES;
				CLANG_WARN_OBJC_ROOT_CLASS = YES_ERROR;
				CLANG_WARN_QUOTED_INCLUDE_IN_FRAMEWORK_HEADER = YES;
				CLANG_WARN_RANGE_LOOP_ANALYSIS = YES;
				CLANG_WARN_STRICT_PROTOTYPES = YES;
				CLANG_WARN_SUSPICIOUS_MOVE = YES;
				CLANG_WARN_UNGUARDED_AVAILABILITY = YES_AGGRESSIVE;
				CLANG_WARN_UNREACHABLE_CODE = YES;
				CLANG_WARN__DUPLICATE_METHOD_MATCH = YES;
				COPY_PHASE_STRIP = NO;
				DEBUG_INFORMATION_FORMAT = dwarf;
				ENABLE_STRICT_OBJC_MSGSEND = YES;
				ENABLE_TESTABILITY = YES;
				GCC_C_LANGUAGE_STANDARD = gnu11;
				GCC_DYNAMIC_NO_PIC = NO;
				GCC_NO_COMMON_BLOCKS = YES;
				GCC_OPTIMIZATION_LEVEL = 0;
				GCC_PREPROCESSOR_DEFINITIONS = (
					"DEBUG=1",
					"$(inherited)",
				);
				GCC_WARN_64_TO_32_BIT_CONVERSION = YES;
				GCC_WARN_ABOUT_RETURN_TYPE = YES_ERROR;
				GCC_WARN_UNDECLARED_SELECTOR = YES;
				GCC_WARN_UNINITIALIZED_AUTOS = YES_AGGRESSIVE;
				GCC_WARN_UNUSED_FUNCTION = YES;
				GCC_WARN_UNUSED_VARIABLE = YES;
				IPHONEOS_DEPLOYMENT_TARGET = 16.2;
				MTL_ENABLE_DEBUG_INFO = INCLUDE_SOURCE;
				MTL_FAST_MATH = YES;
				ONLY_ACTIVE_ARCH = YES;
				SDKROOT = iphoneos;
				SWIFT_ACTIVE_COMPILATION_CONDITIONS = DEBUG;
				SWIFT_OPTIMIZATION_LEVEL = "-Onone";
			};
			name = Debug;
		};
		CE95D88A299ECB25002197BB /* Release */ = {
			isa = XCBuildConfiguration;
			buildSettings = {
				ALWAYS_SEARCH_USER_PATHS = NO;
				CLANG_ANALYZER_NONNULL = YES;
				CLANG_ANALYZER_NUMBER_OBJECT_CONVERSION = YES_AGGRESSIVE;
				CLANG_CXX_LANGUAGE_STANDARD = "gnu++20";
				CLANG_ENABLE_MODULES = YES;
				CLANG_ENABLE_OBJC_ARC = YES;
				CLANG_ENABLE_OBJC_WEAK = YES;
				CLANG_WARN_BLOCK_CAPTURE_AUTORELEASING = YES;
				CLANG_WARN_BOOL_CONVERSION = YES;
				CLANG_WARN_COMMA = YES;
				CLANG_WARN_CONSTANT_CONVERSION = YES;
				CLANG_WARN_DEPRECATED_OBJC_IMPLEMENTATIONS = YES;
				CLANG_WARN_DIRECT_OBJC_ISA_USAGE = YES_ERROR;
				CLANG_WARN_DOCUMENTATION_COMMENTS = YES;
				CLANG_WARN_EMPTY_BODY = YES;
				CLANG_WARN_ENUM_CONVERSION = YES;
				CLANG_WARN_INFINITE_RECURSION = YES;
				CLANG_WARN_INT_CONVERSION = YES;
				CLANG_WARN_NON_LITERAL_NULL_CONVERSION = YES;
				CLANG_WARN_OBJC_IMPLICIT_RETAIN_SELF = YES;
				CLANG_WARN_OBJC_LITERAL_CONVERSION = YES;
				CLANG_WARN_OBJC_ROOT_CLASS = YES_ERROR;
				CLANG_WARN_QUOTED_INCLUDE_IN_FRAMEWORK_HEADER = YES;
				CLANG_WARN_RANGE_LOOP_ANALYSIS = YES;
				CLANG_WARN_STRICT_PROTOTYPES = YES;
				CLANG_WARN_SUSPICIOUS_MOVE = YES;
				CLANG_WARN_UNGUARDED_AVAILABILITY = YES_AGGRESSIVE;
				CLANG_WARN_UNREACHABLE_CODE = YES;
				CLANG_WARN__DUPLICATE_METHOD_MATCH = YES;
				COPY_PHASE_STRIP = NO;
				DEBUG_INFORMATION_FORMAT = "dwarf-with-dsym";
				ENABLE_NS_ASSERTIONS = NO;
				ENABLE_STRICT_OBJC_MSGSEND = YES;
				GCC_C_LANGUAGE_STANDARD = gnu11;
				GCC_NO_COMMON_BLOCKS = YES;
				GCC_WARN_64_TO_32_BIT_CONVERSION = YES;
				GCC_WARN_ABOUT_RETURN_TYPE = YES_ERROR;
				GCC_WARN_UNDECLARED_SELECTOR = YES;
				GCC_WARN_UNINITIALIZED_AUTOS = YES_AGGRESSIVE;
				GCC_WARN_UNUSED_FUNCTION = YES;
				GCC_WARN_UNUSED_VARIABLE = YES;
				IPHONEOS_DEPLOYMENT_TARGET = 16.2;
				MTL_ENABLE_DEBUG_INFO = NO;
				MTL_FAST_MATH = YES;
				SDKROOT = iphoneos;
				SWIFT_COMPILATION_MODE = wholemodule;
				SWIFT_OPTIMIZATION_LEVEL = "-O";
				VALIDATE_PRODUCT = YES;
			};
			name = Release;
		};
		CE95D88C299ECB25002197BB /* Debug */ = {
			isa = XCBuildConfiguration;
			baseConfigurationReference = D1E3826598EC9A332DAB01F5 /* Pods-Pokedex.debug.xcconfig */;
			buildSettings = {
				ASSETCATALOG_COMPILER_APPICON_NAME = AppIcon;
				ASSETCATALOG_COMPILER_GLOBAL_ACCENT_COLOR_NAME = AccentColor;
				CODE_SIGN_STYLE = Automatic;
				CURRENT_PROJECT_VERSION = 1;
				DEVELOPMENT_TEAM = BQAGCV9J3L;
				GENERATE_INFOPLIST_FILE = YES;
				INFOPLIST_FILE = Pokedex/Info.plist;
				INFOPLIST_KEY_UIApplicationSupportsIndirectInputEvents = YES;
				INFOPLIST_KEY_UILaunchStoryboardName = LaunchScreen;
				INFOPLIST_KEY_UIRequiresFullScreen = YES;
				INFOPLIST_KEY_UISupportedInterfaceOrientations = UIInterfaceOrientationPortrait;
				LD_RUNPATH_SEARCH_PATHS = (
					"$(inherited)",
					"@executable_path/Frameworks",
				);
				MARKETING_VERSION = 1.0;
				PRODUCT_BUNDLE_IDENTIFIER = co.asone.bankey.Pokedex;
				PRODUCT_NAME = "$(TARGET_NAME)";
				SUPPORTED_PLATFORMS = "iphoneos iphonesimulator";
				SUPPORTS_MACCATALYST = NO;
				SUPPORTS_MAC_DESIGNED_FOR_IPHONE_IPAD = NO;
				SWIFT_EMIT_LOC_STRINGS = YES;
				SWIFT_VERSION = 5.0;
				TARGETED_DEVICE_FAMILY = "1,2";
			};
			name = Debug;
		};
		CE95D88D299ECB25002197BB /* Release */ = {
			isa = XCBuildConfiguration;
			baseConfigurationReference = 30BBA926FCA0A93A0C3CE3EF /* Pods-Pokedex.release.xcconfig */;
			buildSettings = {
				ASSETCATALOG_COMPILER_APPICON_NAME = AppIcon;
				ASSETCATALOG_COMPILER_GLOBAL_ACCENT_COLOR_NAME = AccentColor;
				CODE_SIGN_STYLE = Automatic;
				CURRENT_PROJECT_VERSION = 1;
				DEVELOPMENT_TEAM = BQAGCV9J3L;
				GENERATE_INFOPLIST_FILE = YES;
				INFOPLIST_FILE = Pokedex/Info.plist;
				INFOPLIST_KEY_UIApplicationSupportsIndirectInputEvents = YES;
				INFOPLIST_KEY_UILaunchStoryboardName = LaunchScreen;
				INFOPLIST_KEY_UIRequiresFullScreen = YES;
				INFOPLIST_KEY_UISupportedInterfaceOrientations = UIInterfaceOrientationPortrait;
				LD_RUNPATH_SEARCH_PATHS = (
					"$(inherited)",
					"@executable_path/Frameworks",
				);
				MARKETING_VERSION = 1.0;
				PRODUCT_BUNDLE_IDENTIFIER = co.asone.bankey.Pokedex;
				PRODUCT_NAME = "$(TARGET_NAME)";
				SUPPORTED_PLATFORMS = "iphoneos iphonesimulator";
				SUPPORTS_MACCATALYST = NO;
				SUPPORTS_MAC_DESIGNED_FOR_IPHONE_IPAD = NO;
				SWIFT_EMIT_LOC_STRINGS = YES;
				SWIFT_VERSION = 5.0;
				TARGETED_DEVICE_FAMILY = "1,2";
			};
			name = Release;
		};
/* End XCBuildConfiguration section */

/* Begin XCConfigurationList section */
		CE95D872299ECB23002197BB /* Build configuration list for PBXProject "Pokedex" */ = {
			isa = XCConfigurationList;
			buildConfigurations = (
				CE95D889299ECB25002197BB /* Debug */,
				CE95D88A299ECB25002197BB /* Release */,
			);
			defaultConfigurationIsVisible = 0;
			defaultConfigurationName = Release;
		};
		CE95D88B299ECB25002197BB /* Build configuration list for PBXNativeTarget "Pokedex" */ = {
			isa = XCConfigurationList;
			buildConfigurations = (
				CE95D88C299ECB25002197BB /* Debug */,
				CE95D88D299ECB25002197BB /* Release */,
			);
			defaultConfigurationIsVisible = 0;
			defaultConfigurationName = Release;
		};
/* End XCConfigurationList section */
	};
	rootObject = CE95D86F299ECB23002197BB /* Project object */;
}
